{
  "requires": true,
  "lockfileVersion": 1,
  "dependencies": {
    "gitbook-plugin-alerts": {
      "version": "0.2.0",
      "resolved": "https://registry.npm.taobao.org/gitbook-plugin-alerts/download/gitbook-plugin-alerts-0.2.0.tgz",
      "integrity": "sha1-yMd4tBeY+AiwO+uQiCLpKKT74Tc="
    },
    "gitbook-plugin-theme-official": {
      "version": "2.1.1",
      "resolved": "https://registry.npm.taobao.org/gitbook-plugin-theme-official/download/gitbook-plugin-theme-official-2.1.1.tgz",
      "integrity": "sha1-sYILreBLJ1tJVQbxAJOu2uuw5Io="
    }
  }
}
